# THIS IS AN AUTOGENERATED FILE. DO NOT EDIT THIS FILE DIRECTLY.
# yarn lockfile v1


"@cirru/parser.ts@^0.0.1":
  version "0.0.1"
  resolved "https://registry.yarnpkg.com/@cirru/parser.ts/-/parser.ts-0.0.1.tgz#0870b051bd9f56626759ec22d7a0d5c51b19fe9c"
  integrity sha512-FlUWZ2VqIUK/5cG926CVw9fQ7IGQzRDz8NL2Zc1lK2NyvOltAyZEDxxj/ztWjGOOnetVtM5mDx8rsbsr/SLYhg==
